
Microsoft Visual Studio Solution File, Format Version 12.00
# Visual Studio 15
VisualStudioVersion = 15.0.26124.0
MinimumVisualStudioVersion = 15.0.26124.0
Project("{2150E333-8FDC-42A3-9474-1A3956D46DE8}") = "libs", "libs", "{A14752AD-15B3-4BEC-831D-B5066A352B5F}"
EndProject
Project("{F2A71F9B-5D33-465A-A702-920D77279786}") = "evm", "libs\evm\evm.fsproj", "{C6435DE3-1C0D-4147-AAD7-135DC353348B}"
EndProject
Project("{F2A71F9B-5D33-465A-A702-920D77279786}") = "evmtest", "libs\evmtest\evmtest.fsproj", "{3502C9DE-5655-4846-A5B7-DFFFA82F7430}"
EndProject
Project("{F2A71F9B-5D33-465A-A702-920D77279786}") = "sandbox", "libs\sandbox\sandbox.fsproj", "{1B5C78C5-7952-4A79-929A-E397EFA5394B}"
EndProject
Global
	GlobalSection(SolutionConfigurationPlatforms) = preSolution
		Debug|Any CPU = Debug|Any CPU
		Debug|x64 = Debug|x64
		Debug|x86 = Debug|x86
		Release|Any CPU = Release|Any CPU
		Release|x64 = Release|x64
		Release|x86 = Release|x86
	EndGlobalSection
	GlobalSection(SolutionProperties) = preSolution
		HideSolutionNode = FALSE
	EndGlobalSection
	GlobalSection(ProjectConfigurationPlatforms) = postSolution
		{C6435DE3-1C0D-4147-AAD7-135DC353348B}.Debug|Any CPU.ActiveCfg = Debug|Any CPU
		{C6435DE3-1C0D-4147-AAD7-135DC353348B}.Debug|Any CPU.Build.0 = Debug|Any CPU
		{C6435DE3-1C0D-4147-AAD7-135DC353348B}.Debug|x64.ActiveCfg = Debug|Any CPU
		{C6435DE3-1C0D-4147-AAD7-135DC353348B}.Debug|x64.Build.0 = Debug|Any CPU
		{C6435DE3-1C0D-4147-AAD7-135DC353348B}.Debug|x86.ActiveCfg = Debug|Any CPU
		{C6435DE3-1C0D-4147-AAD7-135DC353348B}.Debug|x86.Build.0 = Debug|Any CPU
		{C6435DE3-1C0D-4147-AAD7-135DC353348B}.Release|Any CPU.ActiveCfg = Release|Any CPU
		{C6435DE3-1C0D-4147-AAD7-135DC353348B}.Release|Any CPU.Build.0 = Release|Any CPU
		{C6435DE3-1C0D-4147-AAD7-135DC353348B}.Release|x64.ActiveCfg = Release|Any CPU
		{C6435DE3-1C0D-4147-AAD7-135DC353348B}.Release|x64.Build.0 = Release|Any CPU
		{C6435DE3-1C0D-4147-AAD7-135DC353348B}.Release|x86.ActiveCfg = Release|Any CPU
		{C6435DE3-1C0D-4147-AAD7-135DC353348B}.Release|x86.Build.0 = Release|Any CPU
		{3502C9DE-5655-4846-A5B7-DFFFA82F7430}.Debug|Any CPU.ActiveCfg = Debug|Any CPU
		{3502C9DE-5655-4846-A5B7-DFFFA82F7430}.Debug|Any CPU.Build.0 = Debug|Any CPU
		{3502C9DE-5655-4846-A5B7-DFFFA82F7430}.Debug|x64.ActiveCfg = Debug|Any CPU
		{3502C9DE-5655-4846-A5B7-DFFFA82F7430}.Debug|x64.Build.0 = Debug|Any CPU
		{3502C9DE-5655-4846-A5B7-DFFFA82F7430}.Debug|x86.ActiveCfg = Debug|Any CPU
		{3502C9DE-5655-4846-A5B7-DFFFA82F7430}.Debug|x86.Build.0 = Debug|Any CPU
		{3502C9DE-5655-4846-A5B7-DFFFA82F7430}.Release|Any CPU.ActiveCfg = Release|Any CPU
		{3502C9DE-5655-4846-A5B7-DFFFA82F7430}.Release|Any CPU.Build.0 = Release|Any CPU
		{3502C9DE-5655-4846-A5B7-DFFFA82F7430}.Release|x64.ActiveCfg = Release|Any CPU
		{3502C9DE-5655-4846-A5B7-DFFFA82F7430}.Release|x64.Build.0 = Release|Any CPU
		{3502C9DE-5655-4846-A5B7-DFFFA82F7430}.Release|x86.ActiveCfg = Release|Any CPU
		{3502C9DE-5655-4846-A5B7-DFFFA82F7430}.Release|x86.Build.0 = Release|Any CPU
		{1B5C78C5-7952-4A79-929A-E397EFA5394B}.Debug|Any CPU.ActiveCfg = Debug|Any CPU
		{1B5C78C5-7952-4A79-929A-E397EFA5394B}.Debug|Any CPU.Build.0 = Debug|Any CPU
		{1B5C78C5-7952-4A79-929A-E397EFA5394B}.Debug|x64.ActiveCfg = Debug|Any CPU
		{1B5C78C5-7952-4A79-929A-E397EFA5394B}.Debug|x64.Build.0 = Debug|Any CPU
		{1B5C78C5-7952-4A79-929A-E397EFA5394B}.Debug|x86.ActiveCfg = Debug|Any CPU
		{1B5C78C5-7952-4A79-929A-E397EFA5394B}.Debug|x86.Build.0 = Debug|Any CPU
		{1B5C78C5-7952-4A79-929A-E397EFA5394B}.Release|Any CPU.ActiveCfg = Release|Any CPU
		{1B5C78C5-7952-4A79-929A-E397EFA5394B}.Release|Any CPU.Build.0 = Release|Any CPU
		{1B5C78C5-7952-4A79-929A-E397EFA5394B}.Release|x64.ActiveCfg = Release|Any CPU
		{1B5C78C5-7952-4A79-929A-E397EFA5394B}.Release|x64.Build.0 = Release|Any CPU
		{1B5C78C5-7952-4A79-929A-E397EFA5394B}.Release|x86.ActiveCfg = Release|Any CPU
		{1B5C78C5-7952-4A79-929A-E397EFA5394B}.Release|x86.Build.0 = Release|Any CPU
	EndGlobalSection
	GlobalSection(NestedProjects) = preSolution
		{C6435DE3-1C0D-4147-AAD7-135DC353348B} = {A14752AD-15B3-4BEC-831D-B5066A352B5F}
		{3502C9DE-5655-4846-A5B7-DFFFA82F7430} = {A14752AD-15B3-4BEC-831D-B5066A352B5F}
		{1B5C78C5-7952-4A79-929A-E397EFA5394B} = {A14752AD-15B3-4BEC-831D-B5066A352B5F}
	EndGlobalSection
EndGlobal
